
Microsoft Visual Studio Solution File, Format Version 12.00
# Visual Studio 2013
VisualStudioVersion = 12.0.20827.3
MinimumVisualStudioVersion = 10.0.40219.1
Project("{FAE04EC0-301F-11D3-BF4B-00C04F79EFBC}") = "MovieSystem.Models", "MovieSystem.Models\MovieSystem.Models.csproj", "{F792F57F-130A-48B1-AF72-04CDD1EC4C7D}"
EndProject
Project("{FAE04EC0-301F-11D3-BF4B-00C04F79EFBC}") = "MovieSystem.Data", "MovieSystem.Data\MovieSystem.Data.csproj", "{158C998C-AE89-4B27-B69E-95C25D079BE7}"
EndProject
Project("{FAE04EC0-301F-11D3-BF4B-00C04F79EFBC}") = "MovieSystem.Web", "MovieSystem.Web\MovieSystem.Web.csproj", "{DFAFA55A-916D-4214-91E9-2FE94139DFBE}"
EndProject
Global
	GlobalSection(SolutionConfigurationPlatforms) = preSolution
		Debug|Any CPU = Debug|Any CPU
		Release|Any CPU = Release|Any CPU
	EndGlobalSection
	GlobalSection(ProjectConfigurationPlatforms) = postSolution
		{F792F57F-130A-48B1-AF72-04CDD1EC4C7D}.Debug|Any CPU.ActiveCfg = Debug|Any CPU
		{F792F57F-130A-48B1-AF72-04CDD1EC4C7D}.Debug|Any CPU.Build.0 = Debug|Any CPU
		{F792F57F-130A-48B1-AF72-04CDD1EC4C7D}.Release|Any CPU.ActiveCfg = Release|Any CPU
		{F792F57F-130A-48B1-AF72-04CDD1EC4C7D}.Release|Any CPU.Build.0 = Release|Any CPU
		{158C998C-AE89-4B27-B69E-95C25D079BE7}.Debug|Any CPU.ActiveCfg = Debug|Any CPU
		{158C998C-AE89-4B27-B69E-95C25D079BE7}.Debug|Any CPU.Build.0 = Debug|Any CPU
		{158C998C-AE89-4B27-B69E-95C25D079BE7}.Release|Any CPU.ActiveCfg = Release|Any CPU
		{158C998C-AE89-4B27-B69E-95C25D079BE7}.Release|Any CPU.Build.0 = Release|Any CPU
		{DFAFA55A-916D-4214-91E9-2FE94139DFBE}.Debug|Any CPU.ActiveCfg = Debug|Any CPU
		{DFAFA55A-916D-4214-91E9-2FE94139DFBE}.Debug|Any CPU.Build.0 = Debug|Any CPU
		{DFAFA55A-916D-4214-91E9-2FE94139DFBE}.Release|Any CPU.ActiveCfg = Release|Any CPU
		{DFAFA55A-916D-4214-91E9-2FE94139DFBE}.Release|Any CPU.Build.0 = Release|Any CPU
	EndGlobalSection
	GlobalSection(SolutionProperties) = preSolution
		HideSolutionNode = FALSE
	EndGlobalSection
EndGlobal
